{
  "nodes": {
    "all-cabal-hashes": {
      "flake": false,
      "locked": {
        "lastModified": 1790350504,
        "narHash": "sha256-FxK30KzE7VCKTpSjLPQNuRgeBAJwrBhe6KMhcTpmPuc=",
        "owner": "commercialhaskell",
        "repo": "all-cabal-hashes",
        "rev": "84a9b2b2546a56781f2e5bd1857d97b156755cfb",
        "type": "github"
      },
      "original": {
        "owner": "commercialhaskell",
        "ref": "hackage",
        "repo": "all-cabal-hashes",
        "type": "github"
      }
    },
    "flake-parts": {
      "inputs": {
        "nixpkgs-lib": "nixpkgs-lib"
      },
      "locked": {
        "lastModified": 1788450739,
        "narHash": "sha256-glZLQlzIn1fXH6PazR2iUmTo7kzzyYSshrWhLS9TqCU=",
        "owner": "hercules-ci",
        "repo": "flake-parts",
        "rev": "31729ca8cbdb4fa927b34e5f4353e6a83f39e993",
        "type": "github"
      },
      "original": {
        "owner": "hercules-ci",
        "repo": "flake-parts",
        "type": "github"
      }
    },
    "flake-utils": {
      "inputs": {
        "systems": "systems"
      },
      "locked": {
        "lastModified": 1731533236,
        "narHash": "sha256-l0KFg5HjrsfsO/JpG+r7fRrqm12kzFHyUHqHCVpMMbI=",
        "owner": "numtide",
        "repo": "flake-utils",
        "rev": "11707dc2f618dd54ca8739b309ec4fc024de578b",
        "type": "github"
      },
      "original": {
        "owner": "numtide",
        "repo": "flake-utils",
        "type": "github"
      }
    },
    "ghc-wasm-meta": {
      "inputs": {
        "flake-utils": "flake-utils",
        "nixpkgs": "nixpkgs"
      },
      "locked": {
        "host": "gitlab.haskell.org",
        "lastModified": 1790289917,
        "narHash": "sha256-rKGirWbWfn6P18/TGN1DJCpbpq3g3WQYRxUr8crSWes=",
        "owner": "haskell-wasm",
        "repo": "ghc-wasm-meta",
        "rev": "ded427a58615ce21597f945af25c778f9107e5f7",
        "type": "gitlab"
      },
      "original": {
        "host": "gitlab.haskell.org",
        "owner": "haskell-wasm",
        "repo": "ghc-wasm-meta",
        "type": "gitlab"
      }
    },
    "haskell-flake": {
      "locked": {
        "lastModified": 1785340889,
        "narHash": "sha256-W3VSD3CKNF/WSLwS+A4ru1pXb2J8GN1xi4MjWacpwJA=",
        "owner": "srid",
        "repo": "haskell-flake",
        "rev": "ec69967e95d7e93b58d9f7cdd384432cb42d37ee",
        "type": "github"
      },
      "original": {
        "owner": "srid",
        "repo": "haskell-flake",
        "type": "github"
      }
    },
    "nixpkgs": {
      "locked": {
        "lastModified": 1790117938,
        "narHash": "sha256-KgxFEzwzcmyNe4mqlYtsZjzy40mLcNVKtaeoCf5tCGg=",
        "owner": "NixOS",
        "repo": "nixpkgs",
        "rev": "bd495b825e5c4365131f9b744cce923d42c06158",
        "type": "github"
      },
      "original": {
        "owner": "NixOS",
        "ref": "nixpkgs-26.05-darwin",
        "repo": "nixpkgs",
        "type": "github"
      }
    },
    "nixpkgs-lib": {
      "locked": {
        "lastModified": 1788057806,
        "narHash": "sha256-DTQSMxzDWmT0zhguthvegnVkn7CFqGCv4IHCzk5ZUpM=",
        "owner": "nix-community",
        "repo": "nixpkgs.lib",
        "rev": "596e2e3940e09b2abbeb03f75fa1828c57fcd72c",
        "type": "github"
      },
      "original": {
        "owner": "nix-community",
        "repo": "nixpkgs.lib",
        "type": "github"
      }
    },
    "nixpkgs_2": {
      "locked": {
        "lastModified": 1790238896,
        "narHash": "sha256-ym4BG18Pu2awiJIehla1Lo9xiB2QYRcCzW3SB74gEBY=",
        "owner": "nixos",
        "repo": "nixpkgs",
        "rev": "34ca302a9572963c02e385c056be37c85ff51b77",
        "type": "github"
      },
      "original": {
        "owner": "nixos",
        "ref": "nixpkgs-unstable",
        "repo": "nixpkgs",
        "type": "github"
      }
    },
    "root": {
      "inputs": {
        "all-cabal-hashes": "all-cabal-hashes",
        "flake-parts": "flake-parts",
        "ghc-wasm-meta": "ghc-wasm-meta",
        "haskell-flake": "haskell-flake",
        "nixpkgs": "nixpkgs_2"
      }
    },
    "systems": {
      "locked": {
        "lastModified": 1681028828,
        "narHash": "sha256-Vy1rq5AaRuLzOxct8nz4T6wlgyUR7zLU309k9mBC768=",
        "owner": "nix-systems",
        "repo": "default",
        "rev": "da67096a3b9bf56a91d16901293e51ba5b49a27e",
        "type": "github"
      },
      "original": {
        "owner": "nix-systems",
        "repo": "default",
        "type": "github"
      }
    }
  },
  "root": "root",
  "version": 7
}
