# This file was autogenerated by Stack.
# You should not edit this file by hand.
# For more information, please see the documentation at:
#   https://docs.haskellstack.org/en/stable/lock_files

packages:
- completed:
    hackage: pandoc-citeproc-0.16.3.1@sha256:cf6949f7fedcfd2ae3a39968de6d66b7163f023ef3d71db1c9c9a8c7e29e87c4,8715
    pantry-tree:
      size: 25491
      sha256: 43488bef783ff4271753d89fe66d76a1f320bf11f02c147e7961d5f0e0c1b769
  original:
    hackage: pandoc-citeproc-0.16.3.1
- completed:
    hackage: texmath-0.11.3@sha256:ba8a46f73b349204c8d8de3ec52ad54a088adc59a6f7fb4f498c5da63f2ad130,6583
    pantry-tree:
      size: 273835
      sha256: d7a836dd3dbd336be3dd27c1484cc440b0f3d3facdc54419531dcecc862bc12e
  original:
    hackage: texmath-0.11.3
- completed:
    hackage: haddock-library-1.8.0@sha256:9dece2cbca827755fdfc30af5a407b0ca30cf29ec1ee85215b38fd8fc23e7421,3723
    pantry-tree:
      size: 3397
      sha256: fc39bb0c9a8614c5068e5b8139c0d2ff6883d0fa409c99b005dd6fcff4c90406
  original:
    hackage: haddock-library-1.8.0
- completed:
    hackage: skylighting-0.8.2.3@sha256:8155893fe493dbd64367573f6f87338375f50f7003a8cc7ef8ae3836aea52a29,9730
    pantry-tree:
      size: 10380
      sha256: 0911ba325ed110eb7601f9361ae6cf10b026860f2149979e6d697181cf10ab9b
  original:
    hackage: skylighting-0.8.2.3
- completed:
    hackage: skylighting-core-0.8.2.3@sha256:3de402288d8748a334461a73bbbbdc0bc92a8533c983bfaeb7017d4653e283e6,8058
    pantry-tree:
      size: 13279
      sha256: 0f0b529476c5a27fb183dda7bf79e10c129913b7c6bbf15c88ff45e1a8ae7060
  original:
    hackage: skylighting-core-0.8.2.3
- completed:
    hackage: regex-pcre-builtin-0.95.0.8.8.35@sha256:7488751d031bea9bc996c376c8086846a22010c764d8cc120df8b14ce7af9dbb,4550
    pantry-tree:
      size: 2370
      sha256: 0ade97e9b1480da21b3de663b23394558ed0838103ea509e7d22b134e6745190
  original:
    hackage: regex-pcre-builtin-0.95.0.8.8.35
- completed:
    hackage: doclayout-0.2.0.1@sha256:0410e40c4fa8e299b4f5fa03d378111b9d0effdf59134c95882a160637887ba8,2063
    pantry-tree:
      size: 424
      sha256: d43cc75d1a016cb5c5029ec1e00306192631a344f1453c2c0f25e9370452a8b4
  original:
    hackage: doclayout-0.2.0.1
- completed:
    hackage: HsYAML-0.2.0.0@sha256:4e554ee481650156a26a71b40f233979cd943f22ee887b70dae3b8b24de2932f,5273
    pantry-tree:
      size: 1279
      sha256: ae72511c2322bffdea7ed0d29b689d9e1b61ad55b251adb2aff743d5d7259e07
  original:
    hackage: HsYAML-0.2.0.0
- completed:
    hackage: HsYAML-aeson-0.2.0.0@sha256:04796abfc01cffded83f37a10e6edba4f0c0a15d45bef44fc5bb4313d9c87757,1791
    pantry-tree:
      size: 234
      sha256: 67cc9ba17c79e71d3abdb465a3ee2825477856fff3b8b7d543cbbbefdae9a9d9
  original:
    hackage: HsYAML-aeson-0.2.0.0
- completed:
    hackage: doctemplates-0.7@sha256:76f70ed1298d23eb5b2c7206694c786f43f1ce98da9426f1870315f682045c6c,3076
    pantry-tree:
      size: 2238
      sha256: 950b4512c30aff89a36f95cb6e50b33c8219237f0873583301752da4cb25e935
  original:
    hackage: doctemplates-0.7
- completed:
    cabal-file:
      size: 3823
      sha256: f83a7f05107ed1dd602bd88baf8b8ed8b7b0dc768f1f8b1f0619bbca469e56ca
    name: pandoc-types
    version: 1.17.6.1
    git: https://github.com/jgm/pandoc-types
    pantry-tree:
      size: 982
      sha256: bde5f6a5e93ed1204347c057933b806384e098db09e9ac2a736c4f9c9ca52cc0
    commit: 00f7bb79e79d7cfd3523880dbc64ba3ea46c3da2
  original:
    git: https://github.com/jgm/pandoc-types
    commit: 00f7bb79e79d7cfd3523880dbc64ba3ea46c3da2
snapshots:
- completed:
    size: 524127
    url: https://raw.githubusercontent.com/commercialhaskell/stackage-snapshots/master/lts/14/6.yaml
    sha256: dc70dfb45e2c32f54719819bd055f46855dd4b3bd2e58b9f3f38729a2d553fbb
  original: lts-14.6
